
Microsoft Visual Studio Solution File, Format Version 12.00
# Visual Studio Version 16
VisualStudioVersion = 16.0.30717.126
MinimumVisualStudioVersion = 10.0.40219.1
Project("{9A19103F-16F7-4668-BE54-9A1E7A4F7556}") = "Exercises", "Exercises\Exercises.csproj", "{AA8E151A-BBF4-469C-B434-4C74E61C23B0}"
EndProject
Project("{FAE04EC0-301F-11D3-BF4B-00C04F79EFBC}") = "EFCodeFirstExercises", "EFCodeFirstExercises\EFCodeFirstExercises.csproj", "{0E33A8ED-789D-4CED-A672-8EF29CD01AF6}"
EndProject
Global
	GlobalSection(SolutionConfigurationPlatforms) = preSolution
		Debug|Any CPU = Debug|Any CPU
		Release|Any CPU = Release|Any CPU
	EndGlobalSection
	GlobalSection(ProjectConfigurationPlatforms) = postSolution
		{AA8E151A-BBF4-469C-B434-4C74E61C23B0}.Debug|Any CPU.ActiveCfg = Debug|Any CPU
		{AA8E151A-BBF4-469C-B434-4C74E61C23B0}.Debug|Any CPU.Build.0 = Debug|Any CPU
		{AA8E151A-BBF4-469C-B434-4C74E61C23B0}.Release|Any CPU.ActiveCfg = Release|Any CPU
		{AA8E151A-BBF4-469C-B434-4C74E61C23B0}.Release|Any CPU.Build.0 = Release|Any CPU
		{0E33A8ED-789D-4CED-A672-8EF29CD01AF6}.Debug|Any CPU.ActiveCfg = Debug|Any CPU
		{0E33A8ED-789D-4CED-A672-8EF29CD01AF6}.Debug|Any CPU.Build.0 = Debug|Any CPU
		{0E33A8ED-789D-4CED-A672-8EF29CD01AF6}.Release|Any CPU.ActiveCfg = Release|Any CPU
		{0E33A8ED-789D-4CED-A672-8EF29CD01AF6}.Release|Any CPU.Build.0 = Release|Any CPU
	EndGlobalSection
	GlobalSection(SolutionProperties) = preSolution
		HideSolutionNode = FALSE
	EndGlobalSection
	GlobalSection(ExtensibilityGlobals) = postSolution
		SolutionGuid = {C249D42C-E8F9-4C74-97CF-0B11F2AB5645}
	EndGlobalSection
EndGlobal
