
Microsoft Visual Studio Solution File, Format Version 12.00
# Visual Studio Version 16
VisualStudioVersion = 16.0.31424.327
MinimumVisualStudioVersion = 10.0.40219.1
Project("{9A19103F-16F7-4668-BE54-9A1E7A4F7556}") = "DesignPatterns", "DesignPatterns\DesignPatterns.csproj", "{327D4EC7-2FC8-4798-873E-FEFB67CC3990}"
EndProject
Project("{9A19103F-16F7-4668-BE54-9A1E7A4F7556}") = "Composite", "Composite\Composite.csproj", "{EE69D64F-B80A-4FCB-8100-92969DD3F022}"
EndProject
Project("{FAE04EC0-301F-11D3-BF4B-00C04F79EFBC}") = "demo", "demo\demo.csproj", "{C033FBD0-8B0A-4C66-BB93-5A49FE2EC849}"
EndProject
Global
	GlobalSection(SolutionConfigurationPlatforms) = preSolution
		Debug|Any CPU = Debug|Any CPU
		Release|Any CPU = Release|Any CPU
	EndGlobalSection
	GlobalSection(ProjectConfigurationPlatforms) = postSolution
		{327D4EC7-2FC8-4798-873E-FEFB67CC3990}.Debug|Any CPU.ActiveCfg = Debug|Any CPU
		{327D4EC7-2FC8-4798-873E-FEFB67CC3990}.Debug|Any CPU.Build.0 = Debug|Any CPU
		{327D4EC7-2FC8-4798-873E-FEFB67CC3990}.Release|Any CPU.ActiveCfg = Release|Any CPU
		{327D4EC7-2FC8-4798-873E-FEFB67CC3990}.Release|Any CPU.Build.0 = Release|Any CPU
		{EE69D64F-B80A-4FCB-8100-92969DD3F022}.Debug|Any CPU.ActiveCfg = Debug|Any CPU
		{EE69D64F-B80A-4FCB-8100-92969DD3F022}.Debug|Any CPU.Build.0 = Debug|Any CPU
		{EE69D64F-B80A-4FCB-8100-92969DD3F022}.Release|Any CPU.ActiveCfg = Release|Any CPU
		{EE69D64F-B80A-4FCB-8100-92969DD3F022}.Release|Any CPU.Build.0 = Release|Any CPU
		{C033FBD0-8B0A-4C66-BB93-5A49FE2EC849}.Debug|Any CPU.ActiveCfg = Debug|Any CPU
		{C033FBD0-8B0A-4C66-BB93-5A49FE2EC849}.Debug|Any CPU.Build.0 = Debug|Any CPU
		{C033FBD0-8B0A-4C66-BB93-5A49FE2EC849}.Release|Any CPU.ActiveCfg = Release|Any CPU
		{C033FBD0-8B0A-4C66-BB93-5A49FE2EC849}.Release|Any CPU.Build.0 = Release|Any CPU
	EndGlobalSection
	GlobalSection(SolutionProperties) = preSolution
		HideSolutionNode = FALSE
	EndGlobalSection
	GlobalSection(ExtensibilityGlobals) = postSolution
		SolutionGuid = {140B1518-E3FF-41A9-952C-0552642584DB}
	EndGlobalSection
EndGlobal
