
Microsoft Visual Studio Solution File, Format Version 12.00
# Visual Studio Version 16
VisualStudioVersion = 16.0.30011.22
MinimumVisualStudioVersion = 10.0.40219.1
Project("{9A19103F-16F7-4668-BE54-9A1E7A4F7556}") = "01.BinaryToDecimalConverter", "01.BinaryConverter\01.BinaryToDecimalConverter.csproj", "{CC5D707F-4818-4FE0-8F64-C63197A0550E}"
EndProject
Project("{9A19103F-16F7-4668-BE54-9A1E7A4F7556}") = "02.DecimalToBinaryConverter", "02.DecimalToBinaryConverter\02.DecimalToBinaryConverter.csproj", "{9D0FD230-9266-4103-8B1F-A8515E0F1DD4}"
EndProject
Project("{FAE04EC0-301F-11D3-BF4B-00C04F79EFBC}") = "03. First Bit", "03. First Bit\03. First Bit.csproj", "{4642B443-24EB-469E-89E5-8179971E4119}"
EndProject
Project("{FAE04EC0-301F-11D3-BF4B-00C04F79EFBC}") = "04. p-th Bit", "04. p-th Bit\04. p-th Bit.csproj", "{CCD05A14-E9EE-4989-81BC-B197D92206F5}"
EndProject
Project("{FAE04EC0-301F-11D3-BF4B-00C04F79EFBC}") = "05.Bit Destroyer", "05.Bit Destroyer\05.Bit Destroyer.csproj", "{607C4D5E-72CA-4CB6-AC76-ED020FCFEA74}"
EndProject
Global
	GlobalSection(SolutionConfigurationPlatforms) = preSolution
		Debug|Any CPU = Debug|Any CPU
		Release|Any CPU = Release|Any CPU
	EndGlobalSection
	GlobalSection(ProjectConfigurationPlatforms) = postSolution
		{CC5D707F-4818-4FE0-8F64-C63197A0550E}.Debug|Any CPU.ActiveCfg = Debug|Any CPU
		{CC5D707F-4818-4FE0-8F64-C63197A0550E}.Debug|Any CPU.Build.0 = Debug|Any CPU
		{CC5D707F-4818-4FE0-8F64-C63197A0550E}.Release|Any CPU.ActiveCfg = Release|Any CPU
		{CC5D707F-4818-4FE0-8F64-C63197A0550E}.Release|Any CPU.Build.0 = Release|Any CPU
		{9D0FD230-9266-4103-8B1F-A8515E0F1DD4}.Debug|Any CPU.ActiveCfg = Debug|Any CPU
		{9D0FD230-9266-4103-8B1F-A8515E0F1DD4}.Debug|Any CPU.Build.0 = Debug|Any CPU
		{9D0FD230-9266-4103-8B1F-A8515E0F1DD4}.Release|Any CPU.ActiveCfg = Release|Any CPU
		{9D0FD230-9266-4103-8B1F-A8515E0F1DD4}.Release|Any CPU.Build.0 = Release|Any CPU
		{4642B443-24EB-469E-89E5-8179971E4119}.Debug|Any CPU.ActiveCfg = Debug|Any CPU
		{4642B443-24EB-469E-89E5-8179971E4119}.Debug|Any CPU.Build.0 = Debug|Any CPU
		{4642B443-24EB-469E-89E5-8179971E4119}.Release|Any CPU.ActiveCfg = Release|Any CPU
		{4642B443-24EB-469E-89E5-8179971E4119}.Release|Any CPU.Build.0 = Release|Any CPU
		{CCD05A14-E9EE-4989-81BC-B197D92206F5}.Debug|Any CPU.ActiveCfg = Debug|Any CPU
		{CCD05A14-E9EE-4989-81BC-B197D92206F5}.Debug|Any CPU.Build.0 = Debug|Any CPU
		{CCD05A14-E9EE-4989-81BC-B197D92206F5}.Release|Any CPU.ActiveCfg = Release|Any CPU
		{CCD05A14-E9EE-4989-81BC-B197D92206F5}.Release|Any CPU.Build.0 = Release|Any CPU
		{607C4D5E-72CA-4CB6-AC76-ED020FCFEA74}.Debug|Any CPU.ActiveCfg = Debug|Any CPU
		{607C4D5E-72CA-4CB6-AC76-ED020FCFEA74}.Debug|Any CPU.Build.0 = Debug|Any CPU
		{607C4D5E-72CA-4CB6-AC76-ED020FCFEA74}.Release|Any CPU.ActiveCfg = Release|Any CPU
		{607C4D5E-72CA-4CB6-AC76-ED020FCFEA74}.Release|Any CPU.Build.0 = Release|Any CPU
	EndGlobalSection
	GlobalSection(SolutionProperties) = preSolution
		HideSolutionNode = FALSE
	EndGlobalSection
	GlobalSection(ExtensibilityGlobals) = postSolution
		SolutionGuid = {8BAA4F22-E71B-4922-A16D-D2659831990C}
	EndGlobalSection
EndGlobal
