
Microsoft Visual Studio Solution File, Format Version 12.00
# Visual Studio 15
VisualStudioVersion = 15.0.28307.1000
MinimumVisualStudioVersion = 10.0.40219.1
Project("{FAE04EC0-301F-11D3-BF4B-00C04F79EFBC}") = "01. Data Type Finder", "01. Data Type Finder\01. Data Type Finder.csproj", "{84334611-41E4-4000-9F83-2365D4B79EC0}"
EndProject
Project("{FAE04EC0-301F-11D3-BF4B-00C04F79EFBC}") = "02. From Left to The Right", "02. From Left to The Right\02. From Left to The Right.csproj", "{588D341A-08C2-453F-8E09-C86B12388EDD}"
EndProject
Project("{FAE04EC0-301F-11D3-BF4B-00C04F79EFBC}") = "03. Floating Equality", "03. Floating Equality\03. Floating Equality.csproj", "{A3DCE71D-AFC8-4683-83E2-FD76929EAEBD}"
EndProject
Project("{FAE04EC0-301F-11D3-BF4B-00C04F79EFBC}") = "04. Refactoring Prime Checker", "04. Refactoring Prime Checker\04. Refactoring Prime Checker.csproj", "{FFA36B2B-8744-463B-9D42-5A4B2182BE85}"
EndProject
Project("{FAE04EC0-301F-11D3-BF4B-00C04F79EFBC}") = "05. Decrypting Message", "05. Decrypting Message\05. Decrypting Message.csproj", "{B01C92D2-0254-4BB2-A3E9-FFDD0953C861}"
EndProject
Project("{FAE04EC0-301F-11D3-BF4B-00C04F79EFBC}") = "06. Balanced Brackets", "06. Balanced Brackets\06. Balanced Brackets.csproj", "{26CEFBD9-3467-4824-BCE6-FF3C354D2F14}"
EndProject
Global
	GlobalSection(SolutionConfigurationPlatforms) = preSolution
		Debug|Any CPU = Debug|Any CPU
		Release|Any CPU = Release|Any CPU
	EndGlobalSection
	GlobalSection(ProjectConfigurationPlatforms) = postSolution
		{84334611-41E4-4000-9F83-2365D4B79EC0}.Debug|Any CPU.ActiveCfg = Debug|Any CPU
		{84334611-41E4-4000-9F83-2365D4B79EC0}.Debug|Any CPU.Build.0 = Debug|Any CPU
		{84334611-41E4-4000-9F83-2365D4B79EC0}.Release|Any CPU.ActiveCfg = Release|Any CPU
		{84334611-41E4-4000-9F83-2365D4B79EC0}.Release|Any CPU.Build.0 = Release|Any CPU
		{588D341A-08C2-453F-8E09-C86B12388EDD}.Debug|Any CPU.ActiveCfg = Debug|Any CPU
		{588D341A-08C2-453F-8E09-C86B12388EDD}.Debug|Any CPU.Build.0 = Debug|Any CPU
		{588D341A-08C2-453F-8E09-C86B12388EDD}.Release|Any CPU.ActiveCfg = Release|Any CPU
		{588D341A-08C2-453F-8E09-C86B12388EDD}.Release|Any CPU.Build.0 = Release|Any CPU
		{A3DCE71D-AFC8-4683-83E2-FD76929EAEBD}.Debug|Any CPU.ActiveCfg = Debug|Any CPU
		{A3DCE71D-AFC8-4683-83E2-FD76929EAEBD}.Debug|Any CPU.Build.0 = Debug|Any CPU
		{A3DCE71D-AFC8-4683-83E2-FD76929EAEBD}.Release|Any CPU.ActiveCfg = Release|Any CPU
		{A3DCE71D-AFC8-4683-83E2-FD76929EAEBD}.Release|Any CPU.Build.0 = Release|Any CPU
		{FFA36B2B-8744-463B-9D42-5A4B2182BE85}.Debug|Any CPU.ActiveCfg = Debug|Any CPU
		{FFA36B2B-8744-463B-9D42-5A4B2182BE85}.Debug|Any CPU.Build.0 = Debug|Any CPU
		{FFA36B2B-8744-463B-9D42-5A4B2182BE85}.Release|Any CPU.ActiveCfg = Release|Any CPU
		{FFA36B2B-8744-463B-9D42-5A4B2182BE85}.Release|Any CPU.Build.0 = Release|Any CPU
		{B01C92D2-0254-4BB2-A3E9-FFDD0953C861}.Debug|Any CPU.ActiveCfg = Debug|Any CPU
		{B01C92D2-0254-4BB2-A3E9-FFDD0953C861}.Debug|Any CPU.Build.0 = Debug|Any CPU
		{B01C92D2-0254-4BB2-A3E9-FFDD0953C861}.Release|Any CPU.ActiveCfg = Release|Any CPU
		{B01C92D2-0254-4BB2-A3E9-FFDD0953C861}.Release|Any CPU.Build.0 = Release|Any CPU
		{26CEFBD9-3467-4824-BCE6-FF3C354D2F14}.Debug|Any CPU.ActiveCfg = Debug|Any CPU
		{26CEFBD9-3467-4824-BCE6-FF3C354D2F14}.Debug|Any CPU.Build.0 = Debug|Any CPU
		{26CEFBD9-3467-4824-BCE6-FF3C354D2F14}.Release|Any CPU.ActiveCfg = Release|Any CPU
		{26CEFBD9-3467-4824-BCE6-FF3C354D2F14}.Release|Any CPU.Build.0 = Release|Any CPU
	EndGlobalSection
	GlobalSection(SolutionProperties) = preSolution
		HideSolutionNode = FALSE
	EndGlobalSection
	GlobalSection(ExtensibilityGlobals) = postSolution
		SolutionGuid = {9EDA5DC5-A9F6-4E68-BA57-C1F62D611000}
	EndGlobalSection
EndGlobal
