
Microsoft Visual Studio Solution File, Format Version 12.00
# Visual Studio Version 16
VisualStudioVersion = 16.0.30011.22
MinimumVisualStudioVersion = 10.0.40219.1
Project("{FAE04EC0-301F-11D3-BF4B-00C04F79EFBC}") = "01. Lootbox_Problem", "01. Lootbox_Problem\01. Lootbox_Problem.csproj", "{976117C1-90D5-45E4-A3E7-07F96F128704}"
EndProject
Project("{FAE04EC0-301F-11D3-BF4B-00C04F79EFBC}") = "02. Re-Volt", "02. Re-Volt\02. Re-Volt.csproj", "{3131E9E6-7B42-413E-9CDA-B15D797F1163}"
EndProject
Global
	GlobalSection(SolutionConfigurationPlatforms) = preSolution
		Debug|Any CPU = Debug|Any CPU
		Release|Any CPU = Release|Any CPU
	EndGlobalSection
	GlobalSection(ProjectConfigurationPlatforms) = postSolution
		{976117C1-90D5-45E4-A3E7-07F96F128704}.Debug|Any CPU.ActiveCfg = Debug|Any CPU
		{976117C1-90D5-45E4-A3E7-07F96F128704}.Debug|Any CPU.Build.0 = Debug|Any CPU
		{976117C1-90D5-45E4-A3E7-07F96F128704}.Release|Any CPU.ActiveCfg = Release|Any CPU
		{976117C1-90D5-45E4-A3E7-07F96F128704}.Release|Any CPU.Build.0 = Release|Any CPU
		{3131E9E6-7B42-413E-9CDA-B15D797F1163}.Debug|Any CPU.ActiveCfg = Debug|Any CPU
		{3131E9E6-7B42-413E-9CDA-B15D797F1163}.Debug|Any CPU.Build.0 = Debug|Any CPU
		{3131E9E6-7B42-413E-9CDA-B15D797F1163}.Release|Any CPU.ActiveCfg = Release|Any CPU
		{3131E9E6-7B42-413E-9CDA-B15D797F1163}.Release|Any CPU.Build.0 = Release|Any CPU
	EndGlobalSection
	GlobalSection(SolutionProperties) = preSolution
		HideSolutionNode = FALSE
	EndGlobalSection
	GlobalSection(ExtensibilityGlobals) = postSolution
		SolutionGuid = {147AF883-838E-4BCE-B39B-4970984589E0}
	EndGlobalSection
EndGlobal
