
Microsoft Visual Studio Solution File, Format Version 12.00
# Visual Studio Version 16
VisualStudioVersion = 16.0.30011.22
MinimumVisualStudioVersion = 10.0.40219.1
Project("{FAE04EC0-301F-11D3-BF4B-00C04F79EFBC}") = "BasicWebApplication", "BasicWebApplication\BasicWebApplication.csproj", "{C5104E95-B993-44A9-AE6D-7878C24C7006}"
EndProject
Global
	GlobalSection(SolutionConfigurationPlatforms) = preSolution
		Debug|Any CPU = Debug|Any CPU
		Release|Any CPU = Release|Any CPU
	EndGlobalSection
	GlobalSection(ProjectConfigurationPlatforms) = postSolution
		{C5104E95-B993-44A9-AE6D-7878C24C7006}.Debug|Any CPU.ActiveCfg = Debug|Any CPU
		{C5104E95-B993-44A9-AE6D-7878C24C7006}.Debug|Any CPU.Build.0 = Debug|Any CPU
		{C5104E95-B993-44A9-AE6D-7878C24C7006}.Release|Any CPU.ActiveCfg = Release|Any CPU
		{C5104E95-B993-44A9-AE6D-7878C24C7006}.Release|Any CPU.Build.0 = Release|Any CPU
	EndGlobalSection
	GlobalSection(SolutionProperties) = preSolution
		HideSolutionNode = FALSE
	EndGlobalSection
	GlobalSection(ExtensibilityGlobals) = postSolution
		SolutionGuid = {BC8A622A-03A5-4A36-AAE1-75040DA2E0F0}
	EndGlobalSection
EndGlobal
