
Microsoft Visual Studio Solution File, Format Version 12.00
# Visual Studio Version 16
VisualStudioVersion = 16.0.29920.165
MinimumVisualStudioVersion = 10.0.40219.1
Project("{9A19103F-16F7-4668-BE54-9A1E7A4F7556}") = "01. Reverse Strings", "01. Reverse Strings\01. Reverse Strings.csproj", "{7F354FEE-C180-4FB6-87BB-5F87A846640E}"
EndProject
Project("{9A19103F-16F7-4668-BE54-9A1E7A4F7556}") = "02. Repeat Strings", "02. Repeat Strings\02. Repeat Strings.csproj", "{56CEB100-D4C4-4051-83BA-DD1C37B4C046}"
EndProject
Project("{9A19103F-16F7-4668-BE54-9A1E7A4F7556}") = "03. Substring", "03. Substring\03. Substring.csproj", "{86C22364-7CA6-4032-AAA1-81A62BE30816}"
EndProject
Project("{FAE04EC0-301F-11D3-BF4B-00C04F79EFBC}") = "04. Text Filter", "04. Text Filter\04. Text Filter.csproj", "{CF84919F-699E-48C5-A3C1-5A1B5553B89B}"
EndProject
Project("{FAE04EC0-301F-11D3-BF4B-00C04F79EFBC}") = "05. Digits, Letters and Other", "05. Digits, Letters and Other\05. Digits, Letters and Other.csproj", "{37C22AD0-492D-41C3-9422-7AD390A3CBF3}"
EndProject
Global
	GlobalSection(SolutionConfigurationPlatforms) = preSolution
		Debug|Any CPU = Debug|Any CPU
		Release|Any CPU = Release|Any CPU
	EndGlobalSection
	GlobalSection(ProjectConfigurationPlatforms) = postSolution
		{7F354FEE-C180-4FB6-87BB-5F87A846640E}.Debug|Any CPU.ActiveCfg = Debug|Any CPU
		{7F354FEE-C180-4FB6-87BB-5F87A846640E}.Debug|Any CPU.Build.0 = Debug|Any CPU
		{7F354FEE-C180-4FB6-87BB-5F87A846640E}.Release|Any CPU.ActiveCfg = Release|Any CPU
		{7F354FEE-C180-4FB6-87BB-5F87A846640E}.Release|Any CPU.Build.0 = Release|Any CPU
		{56CEB100-D4C4-4051-83BA-DD1C37B4C046}.Debug|Any CPU.ActiveCfg = Debug|Any CPU
		{56CEB100-D4C4-4051-83BA-DD1C37B4C046}.Debug|Any CPU.Build.0 = Debug|Any CPU
		{56CEB100-D4C4-4051-83BA-DD1C37B4C046}.Release|Any CPU.ActiveCfg = Release|Any CPU
		{56CEB100-D4C4-4051-83BA-DD1C37B4C046}.Release|Any CPU.Build.0 = Release|Any CPU
		{86C22364-7CA6-4032-AAA1-81A62BE30816}.Debug|Any CPU.ActiveCfg = Debug|Any CPU
		{86C22364-7CA6-4032-AAA1-81A62BE30816}.Debug|Any CPU.Build.0 = Debug|Any CPU
		{86C22364-7CA6-4032-AAA1-81A62BE30816}.Release|Any CPU.ActiveCfg = Release|Any CPU
		{86C22364-7CA6-4032-AAA1-81A62BE30816}.Release|Any CPU.Build.0 = Release|Any CPU
		{CF84919F-699E-48C5-A3C1-5A1B5553B89B}.Debug|Any CPU.ActiveCfg = Debug|Any CPU
		{CF84919F-699E-48C5-A3C1-5A1B5553B89B}.Debug|Any CPU.Build.0 = Debug|Any CPU
		{CF84919F-699E-48C5-A3C1-5A1B5553B89B}.Release|Any CPU.ActiveCfg = Release|Any CPU
		{CF84919F-699E-48C5-A3C1-5A1B5553B89B}.Release|Any CPU.Build.0 = Release|Any CPU
		{37C22AD0-492D-41C3-9422-7AD390A3CBF3}.Debug|Any CPU.ActiveCfg = Debug|Any CPU
		{37C22AD0-492D-41C3-9422-7AD390A3CBF3}.Debug|Any CPU.Build.0 = Debug|Any CPU
		{37C22AD0-492D-41C3-9422-7AD390A3CBF3}.Release|Any CPU.ActiveCfg = Release|Any CPU
		{37C22AD0-492D-41C3-9422-7AD390A3CBF3}.Release|Any CPU.Build.0 = Release|Any CPU
	EndGlobalSection
	GlobalSection(SolutionProperties) = preSolution
		HideSolutionNode = FALSE
	EndGlobalSection
	GlobalSection(ExtensibilityGlobals) = postSolution
		SolutionGuid = {2CFC0351-CE53-4668-A89E-3D3C192670AE}
	EndGlobalSection
EndGlobal
