
Microsoft Visual Studio Solution File, Format Version 12.00
# Visual Studio 15
VisualStudioVersion = 15.0.28307.1000
MinimumVisualStudioVersion = 10.0.40219.1
Project("{FAE04EC0-301F-11D3-BF4B-00C04F79EFBC}") = "01. Convert Meters to Kilometers", "01. Convert Meters to Kilometers\01. Convert Meters to Kilometers.csproj", "{78AB440D-BB8C-4BB0-885E-A3ABEB313DA7}"
EndProject
Project("{FAE04EC0-301F-11D3-BF4B-00C04F79EFBC}") = "02. Pounds to Dollars", "02. Pounds to Dollars\02. Pounds to Dollars.csproj", "{81990BE2-961D-4222-ACC1-3D1627E0C72E}"
EndProject
Project("{FAE04EC0-301F-11D3-BF4B-00C04F79EFBC}") = "03. Exact Sum of Real Numbers", "03. Exact Sum of Real Numbers\03. Exact Sum of Real Numbers.csproj", "{6D5896AD-5BA9-4CBF-9AB6-4703CBF669D3}"
EndProject
Project("{FAE04EC0-301F-11D3-BF4B-00C04F79EFBC}") = "04. Centuries to Minutes", "04. Centuries to Minutes\04. Centuries to Minutes.csproj", "{99FE3282-8CD1-4439-A6D3-2B0C61CD1416}"
EndProject
Project("{FAE04EC0-301F-11D3-BF4B-00C04F79EFBC}") = "05. Special Numbers", "05. Special Numbers\05. Special Numbers.csproj", "{163C757B-311C-4A85-AA12-51792907EDA3}"
EndProject
Project("{FAE04EC0-301F-11D3-BF4B-00C04F79EFBC}") = "06. Reversed Chars", "06. Reversed Chars\06. Reversed Chars.csproj", "{19C6991D-6DFF-4FB3-AF75-4FCFCEDA2671}"
EndProject
Project("{FAE04EC0-301F-11D3-BF4B-00C04F79EFBC}") = "07. Concat Names", "07. Concat Names\07. Concat Names.csproj", "{D91CD86B-06A8-40B3-9817-D5F68EF13717}"
EndProject
Project("{FAE04EC0-301F-11D3-BF4B-00C04F79EFBC}") = "08. Town Info", "08. Town Info\08. Town Info.csproj", "{556EECCB-F548-4727-A8E4-3BDF9EA1544F}"
EndProject
Project("{FAE04EC0-301F-11D3-BF4B-00C04F79EFBC}") = "09. Chars to String", "09. Chars to String\09. Chars to String.csproj", "{BE536100-1575-4E58-8EFE-DEF55BCA436C}"
EndProject
Project("{FAE04EC0-301F-11D3-BF4B-00C04F79EFBC}") = "10. Lower or Upper", "10. Lower or Upper\10. Lower or Upper.csproj", "{A2EA6A51-B18D-42B6-BE39-973F88B9F724}"
EndProject
Project("{FAE04EC0-301F-11D3-BF4B-00C04F79EFBC}") = "11. Refactor Volume of Pyramid", "11. Refactor Volume of Pyramid\11. Refactor Volume of Pyramid.csproj", "{6A965530-A404-4A2A-87B3-6462E967341A}"
EndProject
Project("{FAE04EC0-301F-11D3-BF4B-00C04F79EFBC}") = "12. Refactor Special Numbers", "12. Refactor Special Numbers\12. Refactor Special Numbers.csproj", "{022A5ECA-5B0E-463A-B18C-DC228AAB36C7}"
EndProject
Global
	GlobalSection(SolutionConfigurationPlatforms) = preSolution
		Debug|Any CPU = Debug|Any CPU
		Release|Any CPU = Release|Any CPU
	EndGlobalSection
	GlobalSection(ProjectConfigurationPlatforms) = postSolution
		{78AB440D-BB8C-4BB0-885E-A3ABEB313DA7}.Debug|Any CPU.ActiveCfg = Debug|Any CPU
		{78AB440D-BB8C-4BB0-885E-A3ABEB313DA7}.Debug|Any CPU.Build.0 = Debug|Any CPU
		{78AB440D-BB8C-4BB0-885E-A3ABEB313DA7}.Release|Any CPU.ActiveCfg = Release|Any CPU
		{78AB440D-BB8C-4BB0-885E-A3ABEB313DA7}.Release|Any CPU.Build.0 = Release|Any CPU
		{81990BE2-961D-4222-ACC1-3D1627E0C72E}.Debug|Any CPU.ActiveCfg = Debug|Any CPU
		{81990BE2-961D-4222-ACC1-3D1627E0C72E}.Debug|Any CPU.Build.0 = Debug|Any CPU
		{81990BE2-961D-4222-ACC1-3D1627E0C72E}.Release|Any CPU.ActiveCfg = Release|Any CPU
		{81990BE2-961D-4222-ACC1-3D1627E0C72E}.Release|Any CPU.Build.0 = Release|Any CPU
		{6D5896AD-5BA9-4CBF-9AB6-4703CBF669D3}.Debug|Any CPU.ActiveCfg = Debug|Any CPU
		{6D5896AD-5BA9-4CBF-9AB6-4703CBF669D3}.Debug|Any CPU.Build.0 = Debug|Any CPU
		{6D5896AD-5BA9-4CBF-9AB6-4703CBF669D3}.Release|Any CPU.ActiveCfg = Release|Any CPU
		{6D5896AD-5BA9-4CBF-9AB6-4703CBF669D3}.Release|Any CPU.Build.0 = Release|Any CPU
		{99FE3282-8CD1-4439-A6D3-2B0C61CD1416}.Debug|Any CPU.ActiveCfg = Debug|Any CPU
		{99FE3282-8CD1-4439-A6D3-2B0C61CD1416}.Debug|Any CPU.Build.0 = Debug|Any CPU
		{99FE3282-8CD1-4439-A6D3-2B0C61CD1416}.Release|Any CPU.ActiveCfg = Release|Any CPU
		{99FE3282-8CD1-4439-A6D3-2B0C61CD1416}.Release|Any CPU.Build.0 = Release|Any CPU
		{163C757B-311C-4A85-AA12-51792907EDA3}.Debug|Any CPU.ActiveCfg = Debug|Any CPU
		{163C757B-311C-4A85-AA12-51792907EDA3}.Debug|Any CPU.Build.0 = Debug|Any CPU
		{163C757B-311C-4A85-AA12-51792907EDA3}.Release|Any CPU.ActiveCfg = Release|Any CPU
		{163C757B-311C-4A85-AA12-51792907EDA3}.Release|Any CPU.Build.0 = Release|Any CPU
		{19C6991D-6DFF-4FB3-AF75-4FCFCEDA2671}.Debug|Any CPU.ActiveCfg = Debug|Any CPU
		{19C6991D-6DFF-4FB3-AF75-4FCFCEDA2671}.Debug|Any CPU.Build.0 = Debug|Any CPU
		{19C6991D-6DFF-4FB3-AF75-4FCFCEDA2671}.Release|Any CPU.ActiveCfg = Release|Any CPU
		{19C6991D-6DFF-4FB3-AF75-4FCFCEDA2671}.Release|Any CPU.Build.0 = Release|Any CPU
		{D91CD86B-06A8-40B3-9817-D5F68EF13717}.Debug|Any CPU.ActiveCfg = Debug|Any CPU
		{D91CD86B-06A8-40B3-9817-D5F68EF13717}.Debug|Any CPU.Build.0 = Debug|Any CPU
		{D91CD86B-06A8-40B3-9817-D5F68EF13717}.Release|Any CPU.ActiveCfg = Release|Any CPU
		{D91CD86B-06A8-40B3-9817-D5F68EF13717}.Release|Any CPU.Build.0 = Release|Any CPU
		{556EECCB-F548-4727-A8E4-3BDF9EA1544F}.Debug|Any CPU.ActiveCfg = Debug|Any CPU
		{556EECCB-F548-4727-A8E4-3BDF9EA1544F}.Debug|Any CPU.Build.0 = Debug|Any CPU
		{556EECCB-F548-4727-A8E4-3BDF9EA1544F}.Release|Any CPU.ActiveCfg = Release|Any CPU
		{556EECCB-F548-4727-A8E4-3BDF9EA1544F}.Release|Any CPU.Build.0 = Release|Any CPU
		{BE536100-1575-4E58-8EFE-DEF55BCA436C}.Debug|Any CPU.ActiveCfg = Debug|Any CPU
		{BE536100-1575-4E58-8EFE-DEF55BCA436C}.Debug|Any CPU.Build.0 = Debug|Any CPU
		{BE536100-1575-4E58-8EFE-DEF55BCA436C}.Release|Any CPU.ActiveCfg = Release|Any CPU
		{BE536100-1575-4E58-8EFE-DEF55BCA436C}.Release|Any CPU.Build.0 = Release|Any CPU
		{A2EA6A51-B18D-42B6-BE39-973F88B9F724}.Debug|Any CPU.ActiveCfg = Debug|Any CPU
		{A2EA6A51-B18D-42B6-BE39-973F88B9F724}.Debug|Any CPU.Build.0 = Debug|Any CPU
		{A2EA6A51-B18D-42B6-BE39-973F88B9F724}.Release|Any CPU.ActiveCfg = Release|Any CPU
		{A2EA6A51-B18D-42B6-BE39-973F88B9F724}.Release|Any CPU.Build.0 = Release|Any CPU
		{6A965530-A404-4A2A-87B3-6462E967341A}.Debug|Any CPU.ActiveCfg = Debug|Any CPU
		{6A965530-A404-4A2A-87B3-6462E967341A}.Debug|Any CPU.Build.0 = Debug|Any CPU
		{6A965530-A404-4A2A-87B3-6462E967341A}.Release|Any CPU.ActiveCfg = Release|Any CPU
		{6A965530-A404-4A2A-87B3-6462E967341A}.Release|Any CPU.Build.0 = Release|Any CPU
		{022A5ECA-5B0E-463A-B18C-DC228AAB36C7}.Debug|Any CPU.ActiveCfg = Debug|Any CPU
		{022A5ECA-5B0E-463A-B18C-DC228AAB36C7}.Debug|Any CPU.Build.0 = Debug|Any CPU
		{022A5ECA-5B0E-463A-B18C-DC228AAB36C7}.Release|Any CPU.ActiveCfg = Release|Any CPU
		{022A5ECA-5B0E-463A-B18C-DC228AAB36C7}.Release|Any CPU.Build.0 = Release|Any CPU
	EndGlobalSection
	GlobalSection(SolutionProperties) = preSolution
		HideSolutionNode = FALSE
	EndGlobalSection
	GlobalSection(ExtensibilityGlobals) = postSolution
		SolutionGuid = {B98BA7B0-0827-4527-9DC2-FF95A968D161}
	EndGlobalSection
EndGlobal
