
Microsoft Visual Studio Solution File, Format Version 12.00
# Visual Studio 15
VisualStudioVersion = 15.0.28307.779
MinimumVisualStudioVersion = 10.0.40219.1
Project("{9A19103F-16F7-4668-BE54-9A1E7A4F7556}") = "Exercises", "Exercises\Exercises.csproj", "{3555CDB4-7242-419A-B2E6-307B74053D4A}"
EndProject
Project("{9A19103F-16F7-4668-BE54-9A1E7A4F7556}") = "01.Clock", "01.Clock\01.Clock.csproj", "{46284F8C-EC34-422C-971C-8C7B69142A47}"
EndProject
Project("{9A19103F-16F7-4668-BE54-9A1E7A4F7556}") = "02.MultiplicationTable", "02.MultiplicationTable\02.MultiplicationTable.csproj", "{328D3648-EEAC-48F9-A02A-183CDE8CEBF5}"
EndProject
Project("{9A19103F-16F7-4668-BE54-9A1E7A4F7556}") = "03.Combinations", "03.Combinations\03.Combinations.csproj", "{B23A98E4-EA76-400F-AA55-C22E1B3318E3}"
EndProject
Project("{9A19103F-16F7-4668-BE54-9A1E7A4F7556}") = "04.SumofTwoNumbers", "04.SumofTwoNumbers\04.SumofTwoNumbers.csproj", "{9F1C5CA9-20E9-4A52-A519-AEB40348D1DD}"
EndProject
Project("{FAE04EC0-301F-11D3-BF4B-00C04F79EFBC}") = "05.Travelling", "05.Travelling\05.Travelling.csproj", "{077F7376-F4B7-440D-9C0B-A3EC66648E9E}"
EndProject
Project("{FAE04EC0-301F-11D3-BF4B-00C04F79EFBC}") = "06.NameWars", "06.NameWars\06.NameWars.csproj", "{B1101B9B-EA40-4109-897C-D64BD11B0AB7}"
EndProject
Project("{FAE04EC0-301F-11D3-BF4B-00C04F79EFBC}") = "07.Building", "07.Building\07.Building.csproj", "{CD70395E-6C9A-4F49-98B9-F30CDE072BED}"
EndProject
Project("{FAE04EC0-301F-11D3-BF4B-00C04F79EFBC}") = "08.CookieFactory", "08.CookieFactory\08.CookieFactory.csproj", "{3567CB02-5077-489D-B710-6162036BDCC1}"
EndProject
Project("{FAE04EC0-301F-11D3-BF4B-00C04F79EFBC}") = "09.CinemaTickets", "09.CinemaTickets\09.CinemaTickets.csproj", "{3BB0046D-689A-4700-B300-D1320243C0A9}"
EndProject
Global
	GlobalSection(SolutionConfigurationPlatforms) = preSolution
		Debug|Any CPU = Debug|Any CPU
		Release|Any CPU = Release|Any CPU
	EndGlobalSection
	GlobalSection(ProjectConfigurationPlatforms) = postSolution
		{3555CDB4-7242-419A-B2E6-307B74053D4A}.Debug|Any CPU.ActiveCfg = Debug|Any CPU
		{3555CDB4-7242-419A-B2E6-307B74053D4A}.Debug|Any CPU.Build.0 = Debug|Any CPU
		{3555CDB4-7242-419A-B2E6-307B74053D4A}.Release|Any CPU.ActiveCfg = Release|Any CPU
		{3555CDB4-7242-419A-B2E6-307B74053D4A}.Release|Any CPU.Build.0 = Release|Any CPU
		{46284F8C-EC34-422C-971C-8C7B69142A47}.Debug|Any CPU.ActiveCfg = Debug|Any CPU
		{46284F8C-EC34-422C-971C-8C7B69142A47}.Debug|Any CPU.Build.0 = Debug|Any CPU
		{46284F8C-EC34-422C-971C-8C7B69142A47}.Release|Any CPU.ActiveCfg = Release|Any CPU
		{46284F8C-EC34-422C-971C-8C7B69142A47}.Release|Any CPU.Build.0 = Release|Any CPU
		{328D3648-EEAC-48F9-A02A-183CDE8CEBF5}.Debug|Any CPU.ActiveCfg = Debug|Any CPU
		{328D3648-EEAC-48F9-A02A-183CDE8CEBF5}.Debug|Any CPU.Build.0 = Debug|Any CPU
		{328D3648-EEAC-48F9-A02A-183CDE8CEBF5}.Release|Any CPU.ActiveCfg = Release|Any CPU
		{328D3648-EEAC-48F9-A02A-183CDE8CEBF5}.Release|Any CPU.Build.0 = Release|Any CPU
		{B23A98E4-EA76-400F-AA55-C22E1B3318E3}.Debug|Any CPU.ActiveCfg = Debug|Any CPU
		{B23A98E4-EA76-400F-AA55-C22E1B3318E3}.Debug|Any CPU.Build.0 = Debug|Any CPU
		{B23A98E4-EA76-400F-AA55-C22E1B3318E3}.Release|Any CPU.ActiveCfg = Release|Any CPU
		{B23A98E4-EA76-400F-AA55-C22E1B3318E3}.Release|Any CPU.Build.0 = Release|Any CPU
		{9F1C5CA9-20E9-4A52-A519-AEB40348D1DD}.Debug|Any CPU.ActiveCfg = Debug|Any CPU
		{9F1C5CA9-20E9-4A52-A519-AEB40348D1DD}.Debug|Any CPU.Build.0 = Debug|Any CPU
		{9F1C5CA9-20E9-4A52-A519-AEB40348D1DD}.Release|Any CPU.ActiveCfg = Release|Any CPU
		{9F1C5CA9-20E9-4A52-A519-AEB40348D1DD}.Release|Any CPU.Build.0 = Release|Any CPU
		{077F7376-F4B7-440D-9C0B-A3EC66648E9E}.Debug|Any CPU.ActiveCfg = Debug|Any CPU
		{077F7376-F4B7-440D-9C0B-A3EC66648E9E}.Debug|Any CPU.Build.0 = Debug|Any CPU
		{077F7376-F4B7-440D-9C0B-A3EC66648E9E}.Release|Any CPU.ActiveCfg = Release|Any CPU
		{077F7376-F4B7-440D-9C0B-A3EC66648E9E}.Release|Any CPU.Build.0 = Release|Any CPU
		{B1101B9B-EA40-4109-897C-D64BD11B0AB7}.Debug|Any CPU.ActiveCfg = Debug|Any CPU
		{B1101B9B-EA40-4109-897C-D64BD11B0AB7}.Debug|Any CPU.Build.0 = Debug|Any CPU
		{B1101B9B-EA40-4109-897C-D64BD11B0AB7}.Release|Any CPU.ActiveCfg = Release|Any CPU
		{B1101B9B-EA40-4109-897C-D64BD11B0AB7}.Release|Any CPU.Build.0 = Release|Any CPU
		{CD70395E-6C9A-4F49-98B9-F30CDE072BED}.Debug|Any CPU.ActiveCfg = Debug|Any CPU
		{CD70395E-6C9A-4F49-98B9-F30CDE072BED}.Debug|Any CPU.Build.0 = Debug|Any CPU
		{CD70395E-6C9A-4F49-98B9-F30CDE072BED}.Release|Any CPU.ActiveCfg = Release|Any CPU
		{CD70395E-6C9A-4F49-98B9-F30CDE072BED}.Release|Any CPU.Build.0 = Release|Any CPU
		{3567CB02-5077-489D-B710-6162036BDCC1}.Debug|Any CPU.ActiveCfg = Debug|Any CPU
		{3567CB02-5077-489D-B710-6162036BDCC1}.Debug|Any CPU.Build.0 = Debug|Any CPU
		{3567CB02-5077-489D-B710-6162036BDCC1}.Release|Any CPU.ActiveCfg = Release|Any CPU
		{3567CB02-5077-489D-B710-6162036BDCC1}.Release|Any CPU.Build.0 = Release|Any CPU
		{3BB0046D-689A-4700-B300-D1320243C0A9}.Debug|Any CPU.ActiveCfg = Debug|Any CPU
		{3BB0046D-689A-4700-B300-D1320243C0A9}.Debug|Any CPU.Build.0 = Debug|Any CPU
		{3BB0046D-689A-4700-B300-D1320243C0A9}.Release|Any CPU.ActiveCfg = Release|Any CPU
		{3BB0046D-689A-4700-B300-D1320243C0A9}.Release|Any CPU.Build.0 = Release|Any CPU
	EndGlobalSection
	GlobalSection(SolutionProperties) = preSolution
		HideSolutionNode = FALSE
	EndGlobalSection
	GlobalSection(ExtensibilityGlobals) = postSolution
		SolutionGuid = {6A730717-8B06-40DD-A37D-29C6B08C7B9B}
	EndGlobalSection
EndGlobal
