
Microsoft Visual Studio Solution File, Format Version 12.00
# Visual Studio Version 16
VisualStudioVersion = 16.0.29920.165
MinimumVisualStudioVersion = 10.0.40219.1
Project("{FAE04EC0-301F-11D3-BF4B-00C04F79EFBC}") = "1. Counter Strike", "1. Counter Strike\1. Counter Strike.csproj", "{D20281AE-D0C7-47E7-9799-2036791D1D8B}"
EndProject
Project("{FAE04EC0-301F-11D3-BF4B-00C04F79EFBC}") = "2. Shoot for the Win", "2. Shoot for the Win\2. Shoot for the Win.csproj", "{54E31360-6782-4962-BC4F-56A0F94363CA}"
EndProject
Project("{FAE04EC0-301F-11D3-BF4B-00C04F79EFBC}") = "3. Moving Target", "3. Moving Target\3. Moving Target.csproj", "{C72DCE02-78B6-4805-A6AC-21A03E53563F}"
EndProject
Global
	GlobalSection(SolutionConfigurationPlatforms) = preSolution
		Debug|Any CPU = Debug|Any CPU
		Release|Any CPU = Release|Any CPU
	EndGlobalSection
	GlobalSection(ProjectConfigurationPlatforms) = postSolution
		{D20281AE-D0C7-47E7-9799-2036791D1D8B}.Debug|Any CPU.ActiveCfg = Debug|Any CPU
		{D20281AE-D0C7-47E7-9799-2036791D1D8B}.Debug|Any CPU.Build.0 = Debug|Any CPU
		{D20281AE-D0C7-47E7-9799-2036791D1D8B}.Release|Any CPU.ActiveCfg = Release|Any CPU
		{D20281AE-D0C7-47E7-9799-2036791D1D8B}.Release|Any CPU.Build.0 = Release|Any CPU
		{54E31360-6782-4962-BC4F-56A0F94363CA}.Debug|Any CPU.ActiveCfg = Debug|Any CPU
		{54E31360-6782-4962-BC4F-56A0F94363CA}.Debug|Any CPU.Build.0 = Debug|Any CPU
		{54E31360-6782-4962-BC4F-56A0F94363CA}.Release|Any CPU.ActiveCfg = Release|Any CPU
		{54E31360-6782-4962-BC4F-56A0F94363CA}.Release|Any CPU.Build.0 = Release|Any CPU
		{C72DCE02-78B6-4805-A6AC-21A03E53563F}.Debug|Any CPU.ActiveCfg = Debug|Any CPU
		{C72DCE02-78B6-4805-A6AC-21A03E53563F}.Debug|Any CPU.Build.0 = Debug|Any CPU
		{C72DCE02-78B6-4805-A6AC-21A03E53563F}.Release|Any CPU.ActiveCfg = Release|Any CPU
		{C72DCE02-78B6-4805-A6AC-21A03E53563F}.Release|Any CPU.Build.0 = Release|Any CPU
	EndGlobalSection
	GlobalSection(SolutionProperties) = preSolution
		HideSolutionNode = FALSE
	EndGlobalSection
	GlobalSection(ExtensibilityGlobals) = postSolution
		SolutionGuid = {ACA81046-6F0E-4D3A-9A0A-4EEC863ED8CA}
	EndGlobalSection
EndGlobal
