
Microsoft Visual Studio Solution File, Format Version 12.00
# Visual Studio Version 16
VisualStudioVersion = 16.0.30011.22
MinimumVisualStudioVersion = 10.0.40219.1
Project("{9A19103F-16F7-4668-BE54-9A1E7A4F7556}") = "Vehicles", "Vehicles\Vehicles.csproj", "{48B80977-CFD1-4BC2-A5FB-765EC8B90946}"
EndProject
Project("{9A19103F-16F7-4668-BE54-9A1E7A4F7556}") = "Raiding", "Raiding\Raiding.csproj", "{B6687E19-2877-41C7-A88A-EC4549CFE8EF}"
EndProject
Project("{FAE04EC0-301F-11D3-BF4B-00C04F79EFBC}") = "WildFarm", "WildFarm\WildFarm.csproj", "{810139CA-65D6-4206-9CEA-83BA710DAE9F}"
EndProject
Global
	GlobalSection(SolutionConfigurationPlatforms) = preSolution
		Debug|Any CPU = Debug|Any CPU
		Release|Any CPU = Release|Any CPU
	EndGlobalSection
	GlobalSection(ProjectConfigurationPlatforms) = postSolution
		{48B80977-CFD1-4BC2-A5FB-765EC8B90946}.Debug|Any CPU.ActiveCfg = Debug|Any CPU
		{48B80977-CFD1-4BC2-A5FB-765EC8B90946}.Debug|Any CPU.Build.0 = Debug|Any CPU
		{48B80977-CFD1-4BC2-A5FB-765EC8B90946}.Release|Any CPU.ActiveCfg = Release|Any CPU
		{48B80977-CFD1-4BC2-A5FB-765EC8B90946}.Release|Any CPU.Build.0 = Release|Any CPU
		{B6687E19-2877-41C7-A88A-EC4549CFE8EF}.Debug|Any CPU.ActiveCfg = Debug|Any CPU
		{B6687E19-2877-41C7-A88A-EC4549CFE8EF}.Debug|Any CPU.Build.0 = Debug|Any CPU
		{B6687E19-2877-41C7-A88A-EC4549CFE8EF}.Release|Any CPU.ActiveCfg = Release|Any CPU
		{B6687E19-2877-41C7-A88A-EC4549CFE8EF}.Release|Any CPU.Build.0 = Release|Any CPU
		{810139CA-65D6-4206-9CEA-83BA710DAE9F}.Debug|Any CPU.ActiveCfg = Debug|Any CPU
		{810139CA-65D6-4206-9CEA-83BA710DAE9F}.Debug|Any CPU.Build.0 = Debug|Any CPU
		{810139CA-65D6-4206-9CEA-83BA710DAE9F}.Release|Any CPU.ActiveCfg = Release|Any CPU
		{810139CA-65D6-4206-9CEA-83BA710DAE9F}.Release|Any CPU.Build.0 = Release|Any CPU
	EndGlobalSection
	GlobalSection(SolutionProperties) = preSolution
		HideSolutionNode = FALSE
	EndGlobalSection
	GlobalSection(ExtensibilityGlobals) = postSolution
		SolutionGuid = {CF7FA6CB-2659-4EEE-A0BC-1110D7F4210E}
	EndGlobalSection
EndGlobal
