
Microsoft Visual Studio Solution File, Format Version 12.00
# Visual Studio Version 16
VisualStudioVersion = 16.0.30011.22
MinimumVisualStudioVersion = 10.0.40219.1
Project("{9A19103F-16F7-4668-BE54-9A1E7A4F7556}") = "Exercises", "Exercises\Exercises.csproj", "{7C5958CC-E9C3-48B4-A1F5-8B90D223FA01}"
EndProject
Project("{FAE04EC0-301F-11D3-BF4B-00C04F79EFBC}") = "Operations", "Operations\Operations.csproj", "{547F7DE8-6324-4312-9030-3576206B0C47}"
EndProject
Project("{FAE04EC0-301F-11D3-BF4B-00C04F79EFBC}") = "Animals", "Animals\Animals.csproj", "{9C1067A0-1C7B-4266-BF11-CFCBFE2851BB}"
EndProject
Project("{FAE04EC0-301F-11D3-BF4B-00C04F79EFBC}") = "Shapes", "Shapes\Shapes.csproj", "{44E75181-8844-4319-9FDA-2EF8A9FE4917}"
EndProject
Global
	GlobalSection(SolutionConfigurationPlatforms) = preSolution
		Debug|Any CPU = Debug|Any CPU
		Release|Any CPU = Release|Any CPU
	EndGlobalSection
	GlobalSection(ProjectConfigurationPlatforms) = postSolution
		{7C5958CC-E9C3-48B4-A1F5-8B90D223FA01}.Debug|Any CPU.ActiveCfg = Debug|Any CPU
		{7C5958CC-E9C3-48B4-A1F5-8B90D223FA01}.Debug|Any CPU.Build.0 = Debug|Any CPU
		{7C5958CC-E9C3-48B4-A1F5-8B90D223FA01}.Release|Any CPU.ActiveCfg = Release|Any CPU
		{7C5958CC-E9C3-48B4-A1F5-8B90D223FA01}.Release|Any CPU.Build.0 = Release|Any CPU
		{547F7DE8-6324-4312-9030-3576206B0C47}.Debug|Any CPU.ActiveCfg = Debug|Any CPU
		{547F7DE8-6324-4312-9030-3576206B0C47}.Debug|Any CPU.Build.0 = Debug|Any CPU
		{547F7DE8-6324-4312-9030-3576206B0C47}.Release|Any CPU.ActiveCfg = Release|Any CPU
		{547F7DE8-6324-4312-9030-3576206B0C47}.Release|Any CPU.Build.0 = Release|Any CPU
		{9C1067A0-1C7B-4266-BF11-CFCBFE2851BB}.Debug|Any CPU.ActiveCfg = Debug|Any CPU
		{9C1067A0-1C7B-4266-BF11-CFCBFE2851BB}.Debug|Any CPU.Build.0 = Debug|Any CPU
		{9C1067A0-1C7B-4266-BF11-CFCBFE2851BB}.Release|Any CPU.ActiveCfg = Release|Any CPU
		{9C1067A0-1C7B-4266-BF11-CFCBFE2851BB}.Release|Any CPU.Build.0 = Release|Any CPU
		{44E75181-8844-4319-9FDA-2EF8A9FE4917}.Debug|Any CPU.ActiveCfg = Debug|Any CPU
		{44E75181-8844-4319-9FDA-2EF8A9FE4917}.Debug|Any CPU.Build.0 = Debug|Any CPU
		{44E75181-8844-4319-9FDA-2EF8A9FE4917}.Release|Any CPU.ActiveCfg = Release|Any CPU
		{44E75181-8844-4319-9FDA-2EF8A9FE4917}.Release|Any CPU.Build.0 = Release|Any CPU
	EndGlobalSection
	GlobalSection(SolutionProperties) = preSolution
		HideSolutionNode = FALSE
	EndGlobalSection
	GlobalSection(ExtensibilityGlobals) = postSolution
		SolutionGuid = {2C245E62-F412-4985-A1D3-27A199665526}
	EndGlobalSection
EndGlobal
