
Microsoft Visual Studio Solution File, Format Version 12.00
# Visual Studio Version 16
VisualStudioVersion = 16.0.30717.126
MinimumVisualStudioVersion = 10.0.40219.1
Project("{FAE04EC0-301F-11D3-BF4B-00C04F79EFBC}") = "Exercises", "Exercises\Exercises.csproj", "{F1DA33DB-E571-4829-AEC8-DF7BED7FE899}"
EndProject
Global
	GlobalSection(SolutionConfigurationPlatforms) = preSolution
		Debug|Any CPU = Debug|Any CPU
		Release|Any CPU = Release|Any CPU
	EndGlobalSection
	GlobalSection(ProjectConfigurationPlatforms) = postSolution
		{F1DA33DB-E571-4829-AEC8-DF7BED7FE899}.Debug|Any CPU.ActiveCfg = Debug|Any CPU
		{F1DA33DB-E571-4829-AEC8-DF7BED7FE899}.Debug|Any CPU.Build.0 = Debug|Any CPU
		{F1DA33DB-E571-4829-AEC8-DF7BED7FE899}.Release|Any CPU.ActiveCfg = Release|Any CPU
		{F1DA33DB-E571-4829-AEC8-DF7BED7FE899}.Release|Any CPU.Build.0 = Release|Any CPU
	EndGlobalSection
	GlobalSection(SolutionProperties) = preSolution
		HideSolutionNode = FALSE
	EndGlobalSection
	GlobalSection(ExtensibilityGlobals) = postSolution
		SolutionGuid = {B41D87C8-7200-40C5-BF2C-1AB98C026FB1}
	EndGlobalSection
EndGlobal
