
Microsoft Visual Studio Solution File, Format Version 12.00
# Visual Studio Version 16
VisualStudioVersion = 16.0.29920.165
MinimumVisualStudioVersion = 10.0.40219.1
Project("{FAE04EC0-301F-11D3-BF4B-00C04F79EFBC}") = "01. Match Full Name", "01. Match Full Name\01. Match Full Name.csproj", "{A5907B9C-C496-4902-9BFB-9C9E8A539767}"
EndProject
Project("{FAE04EC0-301F-11D3-BF4B-00C04F79EFBC}") = "02. Match Phone Number", "02. Match Phone Number\02. Match Phone Number.csproj", "{CEE9029D-50D1-4F99-BDB0-C6DA87AA20B4}"
EndProject
Project("{FAE04EC0-301F-11D3-BF4B-00C04F79EFBC}") = "03. Match Dates", "03. Match Dates\03. Match Dates.csproj", "{00F3EA4D-7169-420B-9AB4-E9A5D5E1B957}"
EndProject
Global
	GlobalSection(SolutionConfigurationPlatforms) = preSolution
		Debug|Any CPU = Debug|Any CPU
		Release|Any CPU = Release|Any CPU
	EndGlobalSection
	GlobalSection(ProjectConfigurationPlatforms) = postSolution
		{A5907B9C-C496-4902-9BFB-9C9E8A539767}.Debug|Any CPU.ActiveCfg = Debug|Any CPU
		{A5907B9C-C496-4902-9BFB-9C9E8A539767}.Debug|Any CPU.Build.0 = Debug|Any CPU
		{A5907B9C-C496-4902-9BFB-9C9E8A539767}.Release|Any CPU.ActiveCfg = Release|Any CPU
		{A5907B9C-C496-4902-9BFB-9C9E8A539767}.Release|Any CPU.Build.0 = Release|Any CPU
		{CEE9029D-50D1-4F99-BDB0-C6DA87AA20B4}.Debug|Any CPU.ActiveCfg = Debug|Any CPU
		{CEE9029D-50D1-4F99-BDB0-C6DA87AA20B4}.Debug|Any CPU.Build.0 = Debug|Any CPU
		{CEE9029D-50D1-4F99-BDB0-C6DA87AA20B4}.Release|Any CPU.ActiveCfg = Release|Any CPU
		{CEE9029D-50D1-4F99-BDB0-C6DA87AA20B4}.Release|Any CPU.Build.0 = Release|Any CPU
		{00F3EA4D-7169-420B-9AB4-E9A5D5E1B957}.Debug|Any CPU.ActiveCfg = Debug|Any CPU
		{00F3EA4D-7169-420B-9AB4-E9A5D5E1B957}.Debug|Any CPU.Build.0 = Debug|Any CPU
		{00F3EA4D-7169-420B-9AB4-E9A5D5E1B957}.Release|Any CPU.ActiveCfg = Release|Any CPU
		{00F3EA4D-7169-420B-9AB4-E9A5D5E1B957}.Release|Any CPU.Build.0 = Release|Any CPU
	EndGlobalSection
	GlobalSection(SolutionProperties) = preSolution
		HideSolutionNode = FALSE
	EndGlobalSection
	GlobalSection(ExtensibilityGlobals) = postSolution
		SolutionGuid = {7F992B01-C5E9-40E9-A7A4-FC87707A9F5D}
	EndGlobalSection
EndGlobal
