
Microsoft Visual Studio Solution File, Format Version 12.00
# Visual Studio Version 16
VisualStudioVersion = 16.0.30002.166
MinimumVisualStudioVersion = 10.0.40219.1
Project("{FAE04EC0-301F-11D3-BF4B-00C04F79EFBC}") = "01. Username", "..\01. Username\01. Username.csproj", "{F7921020-9750-4311-B812-F4B9176915A6}"
EndProject
Project("{FAE04EC0-301F-11D3-BF4B-00C04F79EFBC}") = "02. Password", "02. Password\02. Password.csproj", "{3A04309E-77D1-4525-AE71-D91F95514BBC}"
EndProject
Project("{FAE04EC0-301F-11D3-BF4B-00C04F79EFBC}") = "03. Followers", "03. Followers\03. Followers.csproj", "{C7E76DFC-9EB1-4E79-935E-96C7FBECF553}"
EndProject
Global
	GlobalSection(SolutionConfigurationPlatforms) = preSolution
		Debug|Any CPU = Debug|Any CPU
		Release|Any CPU = Release|Any CPU
	EndGlobalSection
	GlobalSection(ProjectConfigurationPlatforms) = postSolution
		{F7921020-9750-4311-B812-F4B9176915A6}.Debug|Any CPU.ActiveCfg = Debug|Any CPU
		{F7921020-9750-4311-B812-F4B9176915A6}.Debug|Any CPU.Build.0 = Debug|Any CPU
		{F7921020-9750-4311-B812-F4B9176915A6}.Release|Any CPU.ActiveCfg = Release|Any CPU
		{F7921020-9750-4311-B812-F4B9176915A6}.Release|Any CPU.Build.0 = Release|Any CPU
		{3A04309E-77D1-4525-AE71-D91F95514BBC}.Debug|Any CPU.ActiveCfg = Debug|Any CPU
		{3A04309E-77D1-4525-AE71-D91F95514BBC}.Debug|Any CPU.Build.0 = Debug|Any CPU
		{3A04309E-77D1-4525-AE71-D91F95514BBC}.Release|Any CPU.ActiveCfg = Release|Any CPU
		{3A04309E-77D1-4525-AE71-D91F95514BBC}.Release|Any CPU.Build.0 = Release|Any CPU
		{C7E76DFC-9EB1-4E79-935E-96C7FBECF553}.Debug|Any CPU.ActiveCfg = Debug|Any CPU
		{C7E76DFC-9EB1-4E79-935E-96C7FBECF553}.Debug|Any CPU.Build.0 = Debug|Any CPU
		{C7E76DFC-9EB1-4E79-935E-96C7FBECF553}.Release|Any CPU.ActiveCfg = Release|Any CPU
		{C7E76DFC-9EB1-4E79-935E-96C7FBECF553}.Release|Any CPU.Build.0 = Release|Any CPU
	EndGlobalSection
	GlobalSection(SolutionProperties) = preSolution
		HideSolutionNode = FALSE
	EndGlobalSection
	GlobalSection(ExtensibilityGlobals) = postSolution
		SolutionGuid = {783EBFE4-9931-40F5-8E63-DE0BE848E4A6}
	EndGlobalSection
EndGlobal
