
Microsoft Visual Studio Solution File, Format Version 12.00
# Visual Studio Version 16
VisualStudioVersion = 16.0.30621.155
MinimumVisualStudioVersion = 10.0.40219.1
Project("{9A19103F-16F7-4668-BE54-9A1E7A4F7556}") = "Exercises", "Exercises\Exercises.csproj", "{591A53CE-A77A-40D5-98BC-18B6F936573D}"
EndProject
Project("{9A19103F-16F7-4668-BE54-9A1E7A4F7556}") = "FibonacciNumbers", "FibonacciNumbers\FibonacciNumbers.csproj", "{4396C869-BAD9-4222-B165-8BD06F7D3823}"
EndProject
Project("{9A19103F-16F7-4668-BE54-9A1E7A4F7556}") = "ExercisesUnitTest.Tests", "ExercisesUnitTest.Tests\ExercisesUnitTest.Tests.csproj", "{81AAF268-5300-48DF-82C4-4E28E9E55CE1}"
EndProject
Project("{9A19103F-16F7-4668-BE54-9A1E7A4F7556}") = "Exercises2", "Exercises2\Exercises2.csproj", "{B001A810-3A2D-4CF3-9C55-CC89239E0927}"
EndProject
Project("{FAE04EC0-301F-11D3-BF4B-00C04F79EFBC}") = "OtherExcercises", "OtherExcercises\OtherExcercises.csproj", "{7D19E1A7-8DCF-4DB9-A977-54D09E7741F9}"
EndProject
Global
	GlobalSection(SolutionConfigurationPlatforms) = preSolution
		Debug|Any CPU = Debug|Any CPU
		Release|Any CPU = Release|Any CPU
	EndGlobalSection
	GlobalSection(ProjectConfigurationPlatforms) = postSolution
		{591A53CE-A77A-40D5-98BC-18B6F936573D}.Debug|Any CPU.ActiveCfg = Debug|Any CPU
		{591A53CE-A77A-40D5-98BC-18B6F936573D}.Debug|Any CPU.Build.0 = Debug|Any CPU
		{591A53CE-A77A-40D5-98BC-18B6F936573D}.Release|Any CPU.ActiveCfg = Release|Any CPU
		{591A53CE-A77A-40D5-98BC-18B6F936573D}.Release|Any CPU.Build.0 = Release|Any CPU
		{4396C869-BAD9-4222-B165-8BD06F7D3823}.Debug|Any CPU.ActiveCfg = Debug|Any CPU
		{4396C869-BAD9-4222-B165-8BD06F7D3823}.Debug|Any CPU.Build.0 = Debug|Any CPU
		{4396C869-BAD9-4222-B165-8BD06F7D3823}.Release|Any CPU.ActiveCfg = Release|Any CPU
		{4396C869-BAD9-4222-B165-8BD06F7D3823}.Release|Any CPU.Build.0 = Release|Any CPU
		{81AAF268-5300-48DF-82C4-4E28E9E55CE1}.Debug|Any CPU.ActiveCfg = Debug|Any CPU
		{81AAF268-5300-48DF-82C4-4E28E9E55CE1}.Debug|Any CPU.Build.0 = Debug|Any CPU
		{81AAF268-5300-48DF-82C4-4E28E9E55CE1}.Release|Any CPU.ActiveCfg = Release|Any CPU
		{81AAF268-5300-48DF-82C4-4E28E9E55CE1}.Release|Any CPU.Build.0 = Release|Any CPU
		{B001A810-3A2D-4CF3-9C55-CC89239E0927}.Debug|Any CPU.ActiveCfg = Debug|Any CPU
		{B001A810-3A2D-4CF3-9C55-CC89239E0927}.Debug|Any CPU.Build.0 = Debug|Any CPU
		{B001A810-3A2D-4CF3-9C55-CC89239E0927}.Release|Any CPU.ActiveCfg = Release|Any CPU
		{B001A810-3A2D-4CF3-9C55-CC89239E0927}.Release|Any CPU.Build.0 = Release|Any CPU
		{7D19E1A7-8DCF-4DB9-A977-54D09E7741F9}.Debug|Any CPU.ActiveCfg = Debug|Any CPU
		{7D19E1A7-8DCF-4DB9-A977-54D09E7741F9}.Debug|Any CPU.Build.0 = Debug|Any CPU
		{7D19E1A7-8DCF-4DB9-A977-54D09E7741F9}.Release|Any CPU.ActiveCfg = Release|Any CPU
		{7D19E1A7-8DCF-4DB9-A977-54D09E7741F9}.Release|Any CPU.Build.0 = Release|Any CPU
	EndGlobalSection
	GlobalSection(SolutionProperties) = preSolution
		HideSolutionNode = FALSE
	EndGlobalSection
	GlobalSection(ExtensibilityGlobals) = postSolution
		SolutionGuid = {33A46913-2DD1-49C4-A753-03949FEF8580}
	EndGlobalSection
EndGlobal
